
Microsoft Visual Studio Solution File, Format Version 12.00
# Visual Studio Version 16
VisualStudioVersion = 16.0.31624.102
MinimumVisualStudioVersion = 10.0.40219.1
Project("{FAE04EC0-301F-11D3-BF4B-00C04F79EFBC}") = "lab_01", "lab_01\lab_01.csproj", "{67148EB1-E660-417A-9052-5F7755171D3A}"
EndProject
Global
	GlobalSection(SolutionConfigurationPlatforms) = preSolution
		Debug|Any CPU = Debug|Any CPU
		Release|Any CPU = Release|Any CPU
	EndGlobalSection
	GlobalSection(ProjectConfigurationPlatforms) = postSolution
		{67148EB1-E660-417A-9052-5F7755171D3A}.Debug|Any CPU.ActiveCfg = Debug|Any CPU
		{67148EB1-E660-417A-9052-5F7755171D3A}.Debug|Any CPU.Build.0 = Debug|Any CPU
		{67148EB1-E660-417A-9052-5F7755171D3A}.Release|Any CPU.ActiveCfg = Release|Any CPU
		{67148EB1-E660-417A-9052-5F7755171D3A}.Release|Any CPU.Build.0 = Release|Any CPU
	EndGlobalSection
	GlobalSection(SolutionProperties) = preSolution
		HideSolutionNode = FALSE
	EndGlobalSection
	GlobalSection(ExtensibilityGlobals) = postSolution
		SolutionGuid = {C7812491-9939-4E09-890C-B6451202FA5C}
	EndGlobalSection
EndGlobal
